lockfileVersion: 5.4

importers:

  packages/supabase:
    specifiers:
      '@supabase/supabase-js': ^1.24.0
    devDependencies:
      '@supabase/supabase-js': 1.35.2

packages:

  /@supabase/functions-js/1.3.3:
    resolution: {integrity: sha512-35vO9niHRtzGe1QSvXKdOfvGPiX2KC44dGpWU6y0/gZCfTIgog/soU9HqABzQC/maVowO3hGLWfez5aN0MKfow==}
    dependencies:
      cross-fetch: 3.1.5
    transitivePeerDependencies:
      - encoding
    dev: true

  /@supabase/gotrue-js/1.22.14:
    resolution: {integrity: sha512-/LeNV9BFJ9hxzK6KcmJsOF3apxSYd7HlZOD9dd9a3+Ah0cIMmjlFloW/u4vJXN7ko+Ol3EUWJ6iHcgNoT4gvTw==}
    dependencies:
      cross-fetch: 3.1.5
    transitivePeerDependencies:
      - encoding
    dev: true

  /@supabase/postgrest-js/0.37.2:
    resolution: {integrity: sha512-3Dgx5k3RvtKqc8DvR2BEyh2fVyjZe5P4e0zD1r8dyuVmpaYDaASZ2YeNVgyWXMCWH7xzrj4vepTYlKwfj78QLg==}
    dependencies:
      cross-fetch: 3.1.5
    transitivePeerDependencies:
      - encoding
    dev: true

  /@supabase/realtime-js/1.7.2:
    resolution: {integrity: sha512-DMUaFIKj7KszGtWTTQbhMmUzZf7UnwYqySsmY+G8HgYxvY3ZaVa+DZD0I6ofgr4OLNr0po/ODM2a4lf5m5GNBg==}
    dependencies:
      '@types/phoenix': 1.5.4
      websocket: 1.0.34
    transitivePeerDependencies:
      - supports-color
    dev: true

  /@supabase/storage-js/1.7.0:
    resolution: {integrity: sha512-f5EBw0wM96hKmnrXhgiqq2Reh9O0NgjKE+jkaKY4jQmfutefqaCAWn+cBzlmHs9h135H2ldaGmhWRFHUSkLt2g==}
    dependencies:
      cross-fetch: 3.1.5
    transitivePeerDependencies:
      - encoding
    dev: true

  /@supabase/supabase-js/1.35.2:
    resolution: {integrity: sha512-ItXfniG+GRFVYvYEoc7L0uXj6Zp8MZz7aQDCz9qbYdt6dUvIWxeu0cfcy/qkUcPJfpFzSYCOt8nsus0QJCjgbg==}
    dependencies:
      '@supabase/functions-js': 1.3.3
      '@supabase/gotrue-js': 1.22.14
      '@supabase/postgrest-js': 0.37.2
      '@supabase/realtime-js': 1.7.2
      '@supabase/storage-js': 1.7.0
    transitivePeerDependencies:
      - encoding
      - supports-color
    dev: true

  /@types/phoenix/1.5.4:
    resolution: {integrity: sha512-L5eZmzw89eXBKkiqVBcJfU1QGx9y+wurRIEgt0cuLH0hwNtVUxtx+6cu0R2STwWj468sjXyBYPYDtGclUd1kjQ==}
    dev: true

  /bufferutil/4.0.6:
    resolution: {integrity: sha512-jduaYOYtnio4aIAyc6UbvPCVcgq7nYpVnucyxr6eCYg/Woad9Hf/oxxBRDnGGjPfjUm6j5O/uBWhIu4iLebFaw==}
    engines: {node: '>=6.14.2'}
    requiresBuild: true
    dependencies:
      node-gyp-build: 4.4.0
    dev: true

  /cross-fetch/3.1.5:
    resolution: {integrity: sha512-lvb1SBsI0Z7GDwmuid+mU3kWVBwTVUbe7S0H52yaaAdQOXq2YktTCZdlAcNKFzE6QtRz0snpw9bNiPeOIkkQvw==}
    dependencies:
      node-fetch: 2.6.7
    transitivePeerDependencies:
      - encoding
    dev: true

  /d/1.0.1:
    resolution: {integrity: sha512-m62ShEObQ39CfralilEQRjH6oAMtNCV1xJyEx5LpRYUVN+EviphDgUc/F3hnYbADmkiNs67Y+3ylmlG7Lnu+FA==}
    dependencies:
      es5-ext: 0.10.61
      type: 1.2.0
    dev: true

  /debug/2.6.9:
    resolution: {integrity: sha512-bC7ElrdJaJnPbAP+1EotYvqZsb3ecl5wi6Bfi6BJTUcNowp6cvspg0jXznRTKDjm/E7AdgFBVeAPVMNcKGsHMA==}
    peerDependencies:
      supports-color: '*'
    peerDependenciesMeta:
      supports-color:
        optional: true
    dependencies:
      ms: 2.0.0
    dev: true

  /es5-ext/0.10.61:
    resolution: {integrity: sha512-yFhIqQAzu2Ca2I4SE2Au3rxVfmohU9Y7wqGR+s7+H7krk26NXhIRAZDgqd6xqjCEFUomDEA3/Bo/7fKmIkW1kA==}
    engines: {node: '>=0.10'}
    requiresBuild: true
    dependencies:
      es6-iterator: 2.0.3
      es6-symbol: 3.1.3
      next-tick: 1.1.0
    dev: true

  /es6-iterator/2.0.3:
    resolution: {integrity: sha1-p96IkUGgWpSwhUQDstCg+/qY87c=}
    dependencies:
      d: 1.0.1
      es5-ext: 0.10.61
      es6-symbol: 3.1.3
    dev: true

  /es6-symbol/3.1.3:
    resolution: {integrity: sha512-NJ6Yn3FuDinBaBRWl/q5X/s4koRHBrgKAu+yGI6JCBeiu3qrcbJhwT2GeR/EXVfylRk8dpQVJoLEFhK+Mu31NA==}
    dependencies:
      d: 1.0.1
      ext: 1.6.0
    dev: true

  /ext/1.6.0:
    resolution: {integrity: sha512-sdBImtzkq2HpkdRLtlLWDa6w4DX22ijZLKx8BMPUuKe1c5lbN6xwQDQCxSfxBQnHZ13ls/FH0MQZx/q/gr6FQg==}
    dependencies:
      type: 2.6.0
    dev: true

  /is-typedarray/1.0.0:
    resolution: {integrity: sha1-5HnICFjfDBsR3dppQPlgEfzaSpo=}
    dev: true

  /ms/2.0.0:
    resolution: {integrity: sha1-VgiurfwAvmwpAd9fmGF4jeDVl8g=}
    dev: true

  /next-tick/1.1.0:
    resolution: {integrity: sha512-CXdUiJembsNjuToQvxayPZF9Vqht7hewsvy2sOWafLvi2awflj9mOC6bHIg50orX8IJvWKY9wYQ/zB2kogPslQ==}
    dev: true

  /node-fetch/2.6.7:
    resolution: {integrity: sha512-ZjMPFEfVx5j+y2yF35Kzx5sF7kDzxuDj6ziH4FFbOp87zKDZNx8yExJIb05OGF4Nlt9IHFIMBkRl41VdvcNdbQ==}
    engines: {node: 4.x || >=6.0.0}
    peerDependencies:
      encoding: ^0.1.0
    peerDependenciesMeta:
      encoding:
        optional: true
    dependencies:
      whatwg-url: 5.0.0
    dev: true

  /node-gyp-build/4.4.0:
    resolution: {integrity: sha512-amJnQCcgtRVw9SvoebO3BKGESClrfXGCUTX9hSn1OuGQTQBOZmVd0Z0OlecpuRksKvbsUqALE8jls/ErClAPuQ==}
    hasBin: true
    dev: true

  /tr46/0.0.3:
    resolution: {integrity: sha1-gYT9NH2snNwYWZLzpmIuFLnZq2o=}
    dev: true

  /type/1.2.0:
    resolution: {integrity: sha512-+5nt5AAniqsCnu2cEQQdpzCAh33kVx8n0VoFidKpB1dVVLAN/F+bgVOqOJqOnEnrhp222clB5p3vUlD+1QAnfg==}
    dev: true

  /type/2.6.0:
    resolution: {integrity: sha512-eiDBDOmkih5pMbo9OqsqPRGMljLodLcwd5XD5JbtNB0o89xZAwynY9EdCDsJU7LtcVCClu9DvM7/0Ep1hYX3EQ==}
    dev: true

  /typedarray-to-buffer/3.1.5:
    resolution: {integrity: sha512-zdu8XMNEDepKKR+XYOXAVPtWui0ly0NtohUscw+UmaHiAWT8hrV1rr//H6V+0DvJ3OQ19S979M0laLfX8rm82Q==}
    dependencies:
      is-typedarray: 1.0.0
    dev: true

  /utf-8-validate/5.0.9:
    resolution: {integrity: sha512-Yek7dAy0v3Kl0orwMlvi7TPtiCNrdfHNd7Gcc/pLq4BLXqfAmd0J7OWMizUQnTTJsyjKn02mU7anqwfmUP4J8Q==}
    engines: {node: '>=6.14.2'}
    requiresBuild: true
    dependencies:
      node-gyp-build: 4.4.0
    dev: true

  /webidl-conversions/3.0.1:
    resolution: {integrity: sha1-JFNCdeKnvGvnvIZhHMFq4KVlSHE=}
    dev: true

  /websocket/1.0.34:
    resolution: {integrity: sha512-PRDso2sGwF6kM75QykIesBijKSVceR6jL2G8NGYyq2XrItNC2P5/qL5XeR056GhA+Ly7JMFvJb9I312mJfmqnQ==}
    engines: {node: '>=4.0.0'}
    dependencies:
      bufferutil: 4.0.6
      debug: 2.6.9
      es5-ext: 0.10.61
      typedarray-to-buffer: 3.1.5
      utf-8-validate: 5.0.9
      yaeti: 0.0.6
    transitivePeerDependencies:
      - supports-color
    dev: true

  /whatwg-url/5.0.0:
    resolution: {integrity: sha1-lmRU6HZUYuN2RNNib2dCzotwll0=}
    dependencies:
      tr46: 0.0.3
      webidl-conversions: 3.0.1
    dev: true

  /yaeti/0.0.6:
    resolution: {integrity: sha1-8m9ITXJoTPQr7ft2lwqhYI+/lXc=}
    engines: {node: '>=0.10.32'}
    dev: true
